
Microsoft Visual Studio Solution File, Format Version 12.00
# Visual Studio Version 16
VisualStudioVersion = 16.0.29006.145
MinimumVisualStudioVersion = 10.0.40219.1
Project("{9A19103F-16F7-4668-BE54-9A1E7A4F7556}") = "Xpedient", "Xpedient\Xpedient.csproj", "{83065B25-79F9-4B22-9FFD-8A730DF13376}"
EndProject
Project("{FAE04EC0-301F-11D3-BF4B-00C04F79EFBC}") = "UnitTests", "UnitTests\UnitTests.csproj", "{A7B0603E-07E0-4D61-A967-0D20F88390A0}"
EndProject
Project("{FAE04EC0-301F-11D3-BF4B-00C04F79EFBC}") = "ClassLibrary", "ClassLibrary\ClassLibrary.csproj", "{C710E679-3203-46F3-93A5-71E0BD2D58AF}"
EndProject
Global
	GlobalSection(SolutionConfigurationPlatforms) = preSolution
		Debug|Any CPU = Debug|Any CPU
		Release|Any CPU = Release|Any CPU
	EndGlobalSection
	GlobalSection(ProjectConfigurationPlatforms) = postSolution
		{83065B25-79F9-4B22-9FFD-8A730DF13376}.Debug|Any CPU.ActiveCfg = Debug|Any CPU
		{83065B25-79F9-4B22-9FFD-8A730DF13376}.Debug|Any CPU.Build.0 = Debug|Any CPU
		{83065B25-79F9-4B22-9FFD-8A730DF13376}.Release|Any CPU.ActiveCfg = Release|Any CPU
		{83065B25-79F9-4B22-9FFD-8A730DF13376}.Release|Any CPU.Build.0 = Release|Any CPU
		{A7B0603E-07E0-4D61-A967-0D20F88390A0}.Debug|Any CPU.ActiveCfg = Debug|Any CPU
		{A7B0603E-07E0-4D61-A967-0D20F88390A0}.Debug|Any CPU.Build.0 = Debug|Any CPU
		{A7B0603E-07E0-4D61-A967-0D20F88390A0}.Release|Any CPU.ActiveCfg = Release|Any CPU
		{A7B0603E-07E0-4D61-A967-0D20F88390A0}.Release|Any CPU.Build.0 = Release|Any CPU
		{C710E679-3203-46F3-93A5-71E0BD2D58AF}.Debug|Any CPU.ActiveCfg = Debug|Any CPU
		{C710E679-3203-46F3-93A5-71E0BD2D58AF}.Debug|Any CPU.Build.0 = Debug|Any CPU
		{C710E679-3203-46F3-93A5-71E0BD2D58AF}.Release|Any CPU.ActiveCfg = Release|Any CPU
		{C710E679-3203-46F3-93A5-71E0BD2D58AF}.Release|Any CPU.Build.0 = Release|Any CPU
	EndGlobalSection
	GlobalSection(SolutionProperties) = preSolution
		HideSolutionNode = FALSE
	EndGlobalSection
	GlobalSection(ExtensibilityGlobals) = postSolution
		SolutionGuid = {B973CD8A-90B8-4C2A-8D6D-7FBE85B6F4B2}
	EndGlobalSection
EndGlobal
